lockfileVersion: 5.3

specifiers:
  '@koa/cors': ^3.1.0
  koa: ^2.13.4
  koa-router: ^10.1.1
  koa-static: ^5.0.0

dependencies:
  '@koa/cors': 10.107.103.115+8001/@koa/cors/3.1.0
  koa: 10.107.103.115+8001/koa/2.13.4
  koa-router: 10.107.103.115+8001/koa-router/10.1.1
  koa-static: 10.107.103.115+8001/koa-static/5.0.0

packages:

  10.107.103.115+8001/@koa/cors/3.1.0:
    resolution: {integrity: sha1-YYuwc0OM/b0+vQ5kinbjO4Tzo7I=, registry: http://wnpm.weoa.com:8001/, tarball: http://10.107.103.115:8001/@koa/cors/download/@koa/cors-3.1.0.tgz}
    name: '@koa/cors'
    version: 3.1.0
    engines: {node: '>= 8.0.0'}
    dependencies:
      vary: 10.107.103.115+8001/vary/1.1.2
    dev: false

  10.107.103.115+8001/accepts/1.3.7:
    resolution: {integrity: sha1-UxvHJlF6OytB+FACHGzBXqq1B80=, registry: http://wnpm.weoa.com:8001/, tarball: http://10.107.103.115:8001/accepts/download/accepts-1.3.7.tgz}
    name: accepts
    version: 1.3.7
    engines: {node: '>= 0.6'}
    dependencies:
      mime-types: 10.107.103.115+8001/mime-types/2.1.34
      negotiator: 10.107.103.115+8001/negotiator/0.6.2
    dev: false

  10.107.103.115+8001/cache-content-type/1.0.1:
    resolution: {integrity: sha1-A1zeKwjuISn0qDFeqPAKANuhRTw=, registry: http://wnpm.weoa.com:8001/, tarball: http://10.107.103.115:8001/cache-content-type/download/cache-content-type-1.0.1.tgz}
    name: cache-content-type
    version: 1.0.1
    engines: {node: '>= 6.0.0'}
    dependencies:
      mime-types: 10.107.103.115+8001/mime-types/2.1.34
      ylru: 10.107.103.115+8001/ylru/1.2.1
    dev: false

  10.107.103.115+8001/co/4.6.0:
    resolution: {integrity: sha1-bqa989hTrlTMuOR7+gvz+QMfsYQ=, registry: http://wnpm.weoa.com:8001/, tarball: http://10.107.103.115:8001/co/download/co-4.6.0.tgz}
    name: co
    version: 4.6.0
    engines: {iojs: '>= 1.0.0', node: '>= 0.12.0'}
    dev: false

  10.107.103.115+8001/content-disposition/0.5.4:
    resolution: {integrity: sha1-i4K076yCUSoCuwsdzsnSxejrW/4=, registry: http://wnpm.weoa.com:8001/, tarball: http://10.107.103.115:8001/content-disposition/download/content-disposition-0.5.4.tgz}
    name: content-disposition
    version: 0.5.4
    engines: {node: '>= 0.6'}
    dependencies:
      safe-buffer: 10.107.103.115+8001/safe-buffer/5.2.1
    dev: false

  10.107.103.115+8001/content-type/1.0.4:
    resolution: {integrity: sha1-4TjMdeBAxyexlm/l5fjJruJW/js=, registry: http://wnpm.weoa.com:8001/, tarball: http://10.107.103.115:8001/content-type/download/content-type-1.0.4.tgz}
    name: content-type
    version: 1.0.4
    engines: {node: '>= 0.6'}
    dev: false

  10.107.103.115+8001/cookies/0.8.0:
    resolution: {integrity: sha1-EpPOSzkXQKhAbjyYcOgoxLVPP5A=, registry: http://wnpm.weoa.com:8001/, tarball: http://10.107.103.115:8001/cookies/download/cookies-0.8.0.tgz}
    name: cookies
    version: 0.8.0
    engines: {node: '>= 0.8'}
    dependencies:
      depd: 10.107.103.115+8001/depd/2.0.0
      keygrip: 10.107.103.115+8001/keygrip/1.1.0
    dev: false

  10.107.103.115+8001/debug/3.2.7:
    resolution: {integrity: sha1-clgLfpFF+zm2Z2+cXl+xALk0F5o=, registry: http://wnpm.weoa.com:8001/, tarball: http://10.107.103.115:8001/debug/download/debug-3.2.7.tgz}
    name: debug
    version: 3.2.7
    dependencies:
      ms: 10.107.103.115+8001/ms/2.1.3
    dev: false

  10.107.103.115+8001/debug/4.3.3:
    resolution: {integrity: sha1-BCZuC3CpjURi5uKI44JZITMytmQ=, registry: http://wnpm.weoa.com:8001/, tarball: http://10.107.103.115:8001/debug/download/debug-4.3.3.tgz}
    name: debug
    version: 4.3.3
    engines: {node: '>=6.0'}
    peerDependencies:
      supports-color: '*'
    peerDependenciesMeta:
      supports-color:
        optional: true
    dependencies:
      ms: 10.107.103.115+8001/ms/2.1.2
    dev: false

  10.107.103.115+8001/deep-equal/1.0.1:
    resolution: {integrity: sha1-9dJgKStmDghO/0zbyfCK0yR0SLU=, registry: http://wnpm.weoa.com:8001/, tarball: http://10.107.103.115:8001/deep-equal/download/deep-equal-1.0.1.tgz}
    name: deep-equal
    version: 1.0.1
    dev: false

  10.107.103.115+8001/delegates/1.0.0:
    resolution: {integrity: sha1-hMbhWbgZBP3KWaDvRM2HDTElD5o=, registry: http://wnpm.weoa.com:8001/, tarball: http://10.107.103.115:8001/delegates/download/delegates-1.0.0.tgz}
    name: delegates
    version: 1.0.0
    dev: false

  10.107.103.115+8001/depd/1.1.2:
    resolution: {integrity: sha1-m81S4UwJd2PnSbJ0xDRu0uVgtak=, registry: http://wnpm.weoa.com:8001/, tarball: http://10.107.103.115:8001/depd/download/depd-1.1.2.tgz}
    name: depd
    version: 1.1.2
    engines: {node: '>= 0.6'}
    dev: false

  10.107.103.115+8001/depd/2.0.0:
    resolution: {integrity: sha1-tpYWPMdXVg0JzyLMj60Vcbeedt8=, registry: http://wnpm.weoa.com:8001/, tarball: http://10.107.103.115:8001/depd/download/depd-2.0.0.tgz}
    name: depd
    version: 2.0.0
    engines: {node: '>= 0.8'}
    dev: false

  10.107.103.115+8001/destroy/1.0.4:
    resolution: {integrity: sha1-l4hXRCxEdJ5CBmE+N5RiBYJqvYA=, registry: http://wnpm.weoa.com:8001/, tarball: http://10.107.103.115:8001/destroy/download/destroy-1.0.4.tgz}
    name: destroy
    version: 1.0.4
    dev: false

  10.107.103.115+8001/ee-first/1.1.1:
    resolution: {integrity: sha1-WQxhFWsK4vTwJVcyoViyZrxWsh0=, registry: http://wnpm.weoa.com:8001/, tarball: http://10.107.103.115:8001/ee-first/download/ee-first-1.1.1.tgz}
    name: ee-first
    version: 1.1.1
    dev: false

  10.107.103.115+8001/encodeurl/1.0.2:
    resolution: {integrity: sha1-rT/0yG7C0CkyL1oCw6mmBslbP1k=, registry: http://wnpm.weoa.com:8001/, tarball: http://10.107.103.115:8001/encodeurl/download/encodeurl-1.0.2.tgz}
    name: encodeurl
    version: 1.0.2
    engines: {node: '>= 0.8'}
    dev: false

  10.107.103.115+8001/escape-html/1.0.3:
    resolution: {integrity: sha1-Aljq5NPQwJdN4cFpGI7wBR0dGYg=, registry: http://wnpm.weoa.com:8001/, tarball: http://10.107.103.115:8001/escape-html/download/escape-html-1.0.3.tgz}
    name: escape-html
    version: 1.0.3
    dev: false

  10.107.103.115+8001/fresh/0.5.2:
    resolution: {integrity: sha1-PYyt2Q2XZWn6g1qx+OSyOhBWBac=, registry: http://wnpm.weoa.com:8001/, tarball: http://10.107.103.115:8001/fresh/download/fresh-0.5.2.tgz}
    name: fresh
    version: 0.5.2
    engines: {node: '>= 0.6'}
    dev: false

  10.107.103.115+8001/has-symbols/1.0.2:
    resolution: {integrity: sha1-Fl0wcMADCXUqEjakeTMeOsVvFCM=, registry: http://wnpm.weoa.com:8001/, tarball: http://10.107.103.115:8001/has-symbols/download/has-symbols-1.0.2.tgz}
    name: has-symbols
    version: 1.0.2
    engines: {node: '>= 0.4'}
    dev: false

  10.107.103.115+8001/has-tostringtag/1.0.0:
    resolution: {integrity: sha1-fhM4GKfTlHNPlB5zw9P5KR5liyU=, registry: http://wnpm.weoa.com:8001/, tarball: http://10.107.103.115:8001/has-tostringtag/download/has-tostringtag-1.0.0.tgz}
    name: has-tostringtag
    version: 1.0.0
    engines: {node: '>= 0.4'}
    dependencies:
      has-symbols: 10.107.103.115+8001/has-symbols/1.0.2
    dev: false

  10.107.103.115+8001/http-assert/1.5.0:
    resolution: {integrity: sha1-w4nM2HrBbtLfpiRv1zuSaqAOa48=, registry: http://wnpm.weoa.com:8001/, tarball: http://10.107.103.115:8001/http-assert/download/http-assert-1.5.0.tgz}
    name: http-assert
    version: 1.5.0
    engines: {node: '>= 0.8'}
    dependencies:
      deep-equal: 10.107.103.115+8001/deep-equal/1.0.1
      http-errors: 10.107.103.115+8001/http-errors/1.8.1
    dev: false

  10.107.103.115+8001/http-errors/1.6.3:
    resolution: {integrity: sha1-i1VoC7S+KDoLW/TqLjhYC+HZMg0=, registry: http://wnpm.weoa.com:8001/, tarball: http://10.107.103.115:8001/http-errors/download/http-errors-1.6.3.tgz}
    name: http-errors
    version: 1.6.3
    engines: {node: '>= 0.6'}
    dependencies:
      depd: 10.107.103.115+8001/depd/1.1.2
      inherits: 10.107.103.115+8001/inherits/2.0.3
      setprototypeof: 10.107.103.115+8001/setprototypeof/1.1.0
      statuses: 10.107.103.115+8001/statuses/1.5.0
    dev: false

  10.107.103.115+8001/http-errors/1.8.1:
    resolution: {integrity: sha1-fD8oV3y8iiBziEVdvWIpXtB71ow=, registry: http://wnpm.weoa.com:8001/, tarball: http://10.107.103.115:8001/http-errors/download/http-errors-1.8.1.tgz}
    name: http-errors
    version: 1.8.1
    engines: {node: '>= 0.6'}
    dependencies:
      depd: 10.107.103.115+8001/depd/1.1.2
      inherits: 10.107.103.115+8001/inherits/2.0.4
      setprototypeof: 10.107.103.115+8001/setprototypeof/1.2.0
      statuses: 10.107.103.115+8001/statuses/1.5.0
      toidentifier: 10.107.103.115+8001/toidentifier/1.0.1
    dev: false

  10.107.103.115+8001/inherits/2.0.3:
    resolution: {integrity: sha1-Yzwsg+PaQqUC9SRmAiSA9CCCYd4=, registry: http://wnpm.weoa.com:8001/, tarball: http://10.107.103.115:8001/inherits/download/inherits-2.0.3.tgz}
    name: inherits
    version: 2.0.3
    dev: false

  10.107.103.115+8001/inherits/2.0.4:
    resolution: {integrity: sha1-D6LGT5MpF8NDOg3tVTY6rjdBa3w=, registry: http://wnpm.weoa.com:8001/, tarball: http://10.107.103.115:8001/inherits/download/inherits-2.0.4.tgz}
    name: inherits
    version: 2.0.4
    dev: false

  10.107.103.115+8001/is-generator-function/1.0.10:
    resolution: {integrity: sha1-8VWLrxrBfg3up8BBXEODUf8rPHI=, registry: http://wnpm.weoa.com:8001/, tarball: http://10.107.103.115:8001/is-generator-function/download/is-generator-function-1.0.10.tgz}
    name: is-generator-function
    version: 1.0.10
    engines: {node: '>= 0.4'}
    dependencies:
      has-tostringtag: 10.107.103.115+8001/has-tostringtag/1.0.0
    dev: false

  10.107.103.115+8001/keygrip/1.1.0:
    resolution: {integrity: sha1-hxsWgdXhWcYqRFsMdLYV4JF+ciY=, registry: http://wnpm.weoa.com:8001/, tarball: http://10.107.103.115:8001/keygrip/download/keygrip-1.1.0.tgz}
    name: keygrip
    version: 1.1.0
    engines: {node: '>= 0.6'}
    dependencies:
      tsscmp: 10.107.103.115+8001/tsscmp/1.0.6
    dev: false

  10.107.103.115+8001/koa-compose/4.1.0:
    resolution: {integrity: sha1-UHMGuTcZAdtBEhyBLpI9DWfT6Hc=, registry: http://wnpm.weoa.com:8001/, tarball: http://10.107.103.115:8001/koa-compose/download/koa-compose-4.1.0.tgz}
    name: koa-compose
    version: 4.1.0
    dev: false

  10.107.103.115+8001/koa-convert/2.0.0:
    resolution: {integrity: sha1-hqDETYHUBVG64i/uZwmQRXPupPU=, registry: http://wnpm.weoa.com:8001/, tarball: http://10.107.103.115:8001/koa-convert/download/koa-convert-2.0.0.tgz}
    name: koa-convert
    version: 2.0.0
    engines: {node: '>= 10'}
    dependencies:
      co: 10.107.103.115+8001/co/4.6.0
      koa-compose: 10.107.103.115+8001/koa-compose/4.1.0
    dev: false

  10.107.103.115+8001/koa-router/10.1.1:
    resolution: {integrity: sha1-IICfgmSFGLhHJs1EUDeBPNmfF/8=, registry: http://wnpm.weoa.com:8001/, tarball: http://10.107.103.115:8001/koa-router/download/koa-router-10.1.1.tgz}
    name: koa-router
    version: 10.1.1
    engines: {node: '>= 8.0.0'}
    dependencies:
      debug: 10.107.103.115+8001/debug/4.3.3
      http-errors: 10.107.103.115+8001/http-errors/1.8.1
      koa-compose: 10.107.103.115+8001/koa-compose/4.1.0
      methods: 10.107.103.115+8001/methods/1.1.2
      path-to-regexp: 10.107.103.115+8001/path-to-regexp/6.2.0
    transitivePeerDependencies:
      - supports-color
    dev: false

  10.107.103.115+8001/koa-send/5.0.1:
    resolution: {integrity: sha1-Odzuv6+zldDWC+r/ujpwtPVD/nk=, registry: http://wnpm.weoa.com:8001/, tarball: http://10.107.103.115:8001/koa-send/download/koa-send-5.0.1.tgz}
    name: koa-send
    version: 5.0.1
    engines: {node: '>= 8'}
    dependencies:
      debug: 10.107.103.115+8001/debug/4.3.3
      http-errors: 10.107.103.115+8001/http-errors/1.8.1
      resolve-path: 10.107.103.115+8001/resolve-path/1.4.0
    transitivePeerDependencies:
      - supports-color
    dev: false

  10.107.103.115+8001/koa-static/5.0.0:
    resolution: {integrity: sha1-XpL8lrU3rVIZ9CUxnJW2R3J3aUM=, registry: http://wnpm.weoa.com:8001/, tarball: http://10.107.103.115:8001/koa-static/download/koa-static-5.0.0.tgz}
    name: koa-static
    version: 5.0.0
    engines: {node: '>= 7.6.0'}
    dependencies:
      debug: 10.107.103.115+8001/debug/3.2.7
      koa-send: 10.107.103.115+8001/koa-send/5.0.1
    transitivePeerDependencies:
      - supports-color
    dev: false

  10.107.103.115+8001/koa/2.13.4:
    resolution: {integrity: sha1-7lsMs54LgGnDjRFROcd0gz0yRi4=, registry: http://wnpm.weoa.com:8001/, tarball: http://10.107.103.115:8001/koa/download/koa-2.13.4.tgz}
    name: koa
    version: 2.13.4
    engines: {node: ^4.8.4 || ^6.10.1 || ^7.10.1 || >= 8.1.4}
    dependencies:
      accepts: 10.107.103.115+8001/accepts/1.3.7
      cache-content-type: 10.107.103.115+8001/cache-content-type/1.0.1
      content-disposition: 10.107.103.115+8001/content-disposition/0.5.4
      content-type: 10.107.103.115+8001/content-type/1.0.4
      cookies: 10.107.103.115+8001/cookies/0.8.0
      debug: 10.107.103.115+8001/debug/4.3.3
      delegates: 10.107.103.115+8001/delegates/1.0.0
      depd: 10.107.103.115+8001/depd/2.0.0
      destroy: 10.107.103.115+8001/destroy/1.0.4
      encodeurl: 10.107.103.115+8001/encodeurl/1.0.2
      escape-html: 10.107.103.115+8001/escape-html/1.0.3
      fresh: 10.107.103.115+8001/fresh/0.5.2
      http-assert: 10.107.103.115+8001/http-assert/1.5.0
      http-errors: 10.107.103.115+8001/http-errors/1.8.1
      is-generator-function: 10.107.103.115+8001/is-generator-function/1.0.10
      koa-compose: 10.107.103.115+8001/koa-compose/4.1.0
      koa-convert: 10.107.103.115+8001/koa-convert/2.0.0
      on-finished: 10.107.103.115+8001/on-finished/2.3.0
      only: 10.107.103.115+8001/only/0.0.2
      parseurl: 10.107.103.115+8001/parseurl/1.3.3
      statuses: 10.107.103.115+8001/statuses/1.5.0
      type-is: 10.107.103.115+8001/type-is/1.6.18
      vary: 10.107.103.115+8001/vary/1.1.2
    transitivePeerDependencies:
      - supports-color
    dev: false

  10.107.103.115+8001/media-typer/0.3.0:
    resolution: {integrity: sha1-hxDXrwqmJvj/+hzgAWhUUmMlV0g=, registry: http://wnpm.weoa.com:8001/, tarball: http://10.107.103.115:8001/media-typer/download/media-typer-0.3.0.tgz}
    name: media-typer
    version: 0.3.0
    engines: {node: '>= 0.6'}
    dev: false

  10.107.103.115+8001/methods/1.1.2:
    resolution: {integrity: sha1-VSmk1nZUE07cxSZmVoNbD4Ua/O4=, registry: http://wnpm.weoa.com:8001/, tarball: http://10.107.103.115:8001/methods/download/methods-1.1.2.tgz}
    name: methods
    version: 1.1.2
    engines: {node: '>= 0.6'}
    dev: false

  10.107.103.115+8001/mime-db/1.51.0:
    resolution: {integrity: sha1-2f9iRRhZsYNC2WCFDcPPt35j+ww=, registry: http://wnpm.weoa.com:8001/, tarball: http://10.107.103.115:8001/mime-db/download/mime-db-1.51.0.tgz}
    name: mime-db
    version: 1.51.0
    engines: {node: '>= 0.6'}
    dev: false

  10.107.103.115+8001/mime-types/2.1.34:
    resolution: {integrity: sha1-WnEvnsFQNRGpRYA2QPr+CdN5PCQ=, registry: http://wnpm.weoa.com:8001/, tarball: http://10.107.103.115:8001/mime-types/download/mime-types-2.1.34.tgz}
    name: mime-types
    version: 2.1.34
    engines: {node: '>= 0.6'}
    dependencies:
      mime-db: 10.107.103.115+8001/mime-db/1.51.0
    dev: false

  10.107.103.115+8001/ms/2.1.2:
    resolution: {integrity: sha1-0J0fNXtEP0kzgqjrPM0YOHKuYAk=, registry: http://wnpm.weoa.com:8001/, tarball: http://10.107.103.115:8001/ms/download/ms-2.1.2.tgz}
    name: ms
    version: 2.1.2
    dev: false

  10.107.103.115+8001/ms/2.1.3:
    resolution: {integrity: sha1-V0yBOM4dK1hh8LRFedut1gxmFbI=, registry: http://wnpm.weoa.com:8001/, tarball: http://10.107.103.115:8001/ms/download/ms-2.1.3.tgz}
    name: ms
    version: 2.1.3
    dev: false

  10.107.103.115+8001/negotiator/0.6.2:
    resolution: {integrity: sha1-/qz3zPUlp3rpY0Q2pkiD/+yjRvs=, registry: http://wnpm.weoa.com:8001/, tarball: http://10.107.103.115:8001/negotiator/download/negotiator-0.6.2.tgz}
    name: negotiator
    version: 0.6.2
    engines: {node: '>= 0.6'}
    dev: false

  10.107.103.115+8001/on-finished/2.3.0:
    resolution: {integrity: sha1-IPEzZIGwg811M3mSoWlxqi2QaUc=, registry: http://wnpm.weoa.com:8001/, tarball: http://10.107.103.115:8001/on-finished/download/on-finished-2.3.0.tgz}
    name: on-finished
    version: 2.3.0
    engines: {node: '>= 0.8'}
    dependencies:
      ee-first: 10.107.103.115+8001/ee-first/1.1.1
    dev: false

  10.107.103.115+8001/only/0.0.2:
    resolution: {integrity: sha1-Kv3oTQPlC5qO3EROMGEKcCle37Q=, registry: http://wnpm.weoa.com:8001/, tarball: http://10.107.103.115:8001/only/download/only-0.0.2.tgz}
    name: only
    version: 0.0.2
    dev: false

  10.107.103.115+8001/parseurl/1.3.3:
    resolution: {integrity: sha1-naGee+6NEt/wUT7Vt2lXeTvC6NQ=, registry: http://wnpm.weoa.com:8001/, tarball: http://10.107.103.115:8001/parseurl/download/parseurl-1.3.3.tgz}
    name: parseurl
    version: 1.3.3
    engines: {node: '>= 0.8'}
    dev: false

  10.107.103.115+8001/path-is-absolute/1.0.1:
    resolution: {integrity: sha1-F0uSaHNVNP+8es5r9TpanhtcX18=, registry: http://wnpm.weoa.com:8001/, tarball: http://10.107.103.115:8001/path-is-absolute/download/path-is-absolute-1.0.1.tgz}
    name: path-is-absolute
    version: 1.0.1
    engines: {node: '>=0.10.0'}
    dev: false

  10.107.103.115+8001/path-to-regexp/6.2.0:
    resolution: {integrity: sha1-97OAMzYQTDRoia3s5hRmkjBkXzg=, registry: http://wnpm.weoa.com:8001/, tarball: http://10.107.103.115:8001/path-to-regexp/download/path-to-regexp-6.2.0.tgz}
    name: path-to-regexp
    version: 6.2.0
    dev: false

  10.107.103.115+8001/resolve-path/1.4.0:
    resolution: {integrity: sha1-xL2p9e+y/OZSR4c6s2u02DT+Fvc=, registry: http://wnpm.weoa.com:8001/, tarball: http://10.107.103.115:8001/resolve-path/download/resolve-path-1.4.0.tgz}
    name: resolve-path
    version: 1.4.0
    engines: {node: '>= 0.8'}
    dependencies:
      http-errors: 10.107.103.115+8001/http-errors/1.6.3
      path-is-absolute: 10.107.103.115+8001/path-is-absolute/1.0.1
    dev: false

  10.107.103.115+8001/safe-buffer/5.2.1:
    resolution: {integrity: sha1-Hq+fqb2x/dTsdfWPnNtOa3gn7sY=, registry: http://wnpm.weoa.com:8001/, tarball: http://10.107.103.115:8001/safe-buffer/download/safe-buffer-5.2.1.tgz}
    name: safe-buffer
    version: 5.2.1
    dev: false

  10.107.103.115+8001/setprototypeof/1.1.0:
    resolution: {integrity: sha1-0L2FU2iHtv58DYGMuWLZ2RxU5lY=, registry: http://wnpm.weoa.com:8001/, tarball: http://10.107.103.115:8001/setprototypeof/download/setprototypeof-1.1.0.tgz}
    name: setprototypeof
    version: 1.1.0
    dev: false

  10.107.103.115+8001/setprototypeof/1.2.0:
    resolution: {integrity: sha1-ZsmiSnP5/CjL5msJ/tPTPcrxtCQ=, registry: http://wnpm.weoa.com:8001/, tarball: http://10.107.103.115:8001/setprototypeof/download/setprototypeof-1.2.0.tgz}
    name: setprototypeof
    version: 1.2.0
    dev: false

  10.107.103.115+8001/statuses/1.5.0:
    resolution: {integrity: sha1-Fhx9rBd2Wf2YEfQ3cfqZOBR4Yow=, registry: http://wnpm.weoa.com:8001/, tarball: http://10.107.103.115:8001/statuses/download/statuses-1.5.0.tgz}
    name: statuses
    version: 1.5.0
    engines: {node: '>= 0.6'}
    dev: false

  10.107.103.115+8001/toidentifier/1.0.1:
    resolution: {integrity: sha1-O+NDIaiKgg7RvYDfqjPkefu43TU=, registry: http://wnpm.weoa.com:8001/, tarball: http://10.107.103.115:8001/toidentifier/download/toidentifier-1.0.1.tgz}
    name: toidentifier
    version: 1.0.1
    engines: {node: '>=0.6'}
    dev: false

  10.107.103.115+8001/tsscmp/1.0.6:
    resolution: {integrity: sha1-hbmVg6w1iexL/vgltQAKqRHWBes=, registry: http://wnpm.weoa.com:8001/, tarball: http://10.107.103.115:8001/tsscmp/download/tsscmp-1.0.6.tgz}
    name: tsscmp
    version: 1.0.6
    engines: {node: '>=0.6.x'}
    dev: false

  10.107.103.115+8001/type-is/1.6.18:
    resolution: {integrity: sha1-TlUs0F3wlGfcvE73Od6J8s83wTE=, registry: http://wnpm.weoa.com:8001/, tarball: http://10.107.103.115:8001/type-is/download/type-is-1.6.18.tgz}
    name: type-is
    version: 1.6.18
    engines: {node: '>= 0.6'}
    dependencies:
      media-typer: 10.107.103.115+8001/media-typer/0.3.0
      mime-types: 10.107.103.115+8001/mime-types/2.1.34
    dev: false

  10.107.103.115+8001/vary/1.1.2:
    resolution: {integrity: sha1-IpnwLG3tMNSllhsLn3RSShj2NPw=, registry: http://wnpm.weoa.com:8001/, tarball: http://10.107.103.115:8001/vary/download/vary-1.1.2.tgz}
    name: vary
    version: 1.1.2
    engines: {node: '>= 0.8'}
    dev: false

  10.107.103.115+8001/ylru/1.2.1:
    resolution: {integrity: sha1-9Xa2M0FUeYnB3nuiiHYJI7J/6E8=, registry: http://wnpm.weoa.com:8001/, tarball: http://10.107.103.115:8001/ylru/download/ylru-1.2.1.tgz}
    name: ylru
    version: 1.2.1
    engines: {node: '>= 4.0.0'}
    dev: false
